
Microsoft Visual Studio Solution File, Format Version 12.00
# Visual Studio Version 16
VisualStudioVersion = 16.0.29209.62
MinimumVisualStudioVersion = 10.0.40219.1
Project("{9A19103F-16F7-4668-BE54-9A1E7A4F7556}") = "Algorithms", "Algorithms\Algorithms.csproj", "{A6417910-4673-4CE0-A3B6-43E10DB0151E}"
EndProject
Project("{FAE04EC0-301F-11D3-BF4B-00C04F79EFBC}") = "Algorithms.Test", "Algorithms.DataStrucre.Test\Algorithms.Test.csproj", "{639925E2-1FD6-4E3F-A76B-5F37D93F2698}"
EndProject
Project("{9A19103F-16F7-4668-BE54-9A1E7A4F7556}") = "Algorithms.Graph", "Algorithms.Graph\Algorithms.Graph.csproj", "{8DD04A87-A880-4B75-A3A5-F59AF77C3DAB}"
EndProject
Project("{FAE04EC0-301F-11D3-BF4B-00C04F79EFBC}") = "Algorithms.Graph.Test", "Algorithms.Graph.Test\Algorithms.Graph.Test.csproj", "{FA37CC20-24DF-41C6-9D44-7FCD32BC088C}"
EndProject
Project("{9A19103F-16F7-4668-BE54-9A1E7A4F7556}") = "DataStructures", "DataStructures\DataStructures.csproj", "{2BD0FAAA-8033-42CD-A00D-58D89CABDFC0}"
EndProject
Project("{9A19103F-16F7-4668-BE54-9A1E7A4F7556}") = "Mathematics", "Mathematics\Mathematics.csproj", "{5C7B77E1-5DA8-421F-B54B-DC7F809BAD1B}"
EndProject
Project("{2150E333-8FDC-42A3-9474-1A3956D46DE8}") = "Solution Items", "Solution Items", "{C7048DB4-9D68-4DC0-9479-88697280E024}"
	ProjectSection(SolutionItems) = preProject
		Readme.md = Readme.md
	EndProjectSection
EndProject
Project("{FAE04EC0-301F-11D3-BF4B-00C04F79EFBC}") = "DataStructures.Test", "DataStructure.Test\DataStructures.Test.csproj", "{B3BAE7A9-538A-43B2-BEDA-9E2D57BFDE63}"
EndProject
Project("{9A19103F-16F7-4668-BE54-9A1E7A4F7556}") = "StateMachineEngine", "StateMachineEngine\StateMachineEngine.csproj", "{82865BDA-046D-42AA-93EE-63EB0B157D6F}"
EndProject
Global
	GlobalSection(SolutionConfigurationPlatforms) = preSolution
		Debug|Any CPU = Debug|Any CPU
		Debug|ARM = Debug|ARM
		Debug|Mixed Platforms = Debug|Mixed Platforms
		Debug|x64 = Debug|x64
		Debug|x86 = Debug|x86
		Release|Any CPU = Release|Any CPU
		Release|ARM = Release|ARM
		Release|Mixed Platforms = Release|Mixed Platforms
		Release|x64 = Release|x64
		Release|x86 = Release|x86
	EndGlobalSection
	GlobalSection(ProjectConfigurationPlatforms) = postSolution
		{A6417910-4673-4CE0-A3B6-43E10DB0151E}.Debug|Any CPU.ActiveCfg = Debug|Any CPU
		{A6417910-4673-4CE0-A3B6-43E10DB0151E}.Debug|Any CPU.Build.0 = Debug|Any CPU
		{A6417910-4673-4CE0-A3B6-43E10DB0151E}.Debug|ARM.ActiveCfg = Debug|Any CPU
		{A6417910-4673-4CE0-A3B6-43E10DB0151E}.Debug|ARM.Build.0 = Debug|Any CPU
		{A6417910-4673-4CE0-A3B6-43E10DB0151E}.Debug|Mixed Platforms.ActiveCfg = Debug|Any CPU
		{A6417910-4673-4CE0-A3B6-43E10DB0151E}.Debug|Mixed Platforms.Build.0 = Debug|Any CPU
		{A6417910-4673-4CE0-A3B6-43E10DB0151E}.Debug|x64.ActiveCfg = Debug|Any CPU
		{A6417910-4673-4CE0-A3B6-43E10DB0151E}.Debug|x64.Build.0 = Debug|Any CPU
		{A6417910-4673-4CE0-A3B6-43E10DB0151E}.Debug|x86.ActiveCfg = Debug|Any CPU
		{A6417910-4673-4CE0-A3B6-43E10DB0151E}.Release|Any CPU.ActiveCfg = Release|Any CPU
		{A6417910-4673-4CE0-A3B6-43E10DB0151E}.Release|Any CPU.Build.0 = Release|Any CPU
		{A6417910-4673-4CE0-A3B6-43E10DB0151E}.Release|ARM.ActiveCfg = Release|Any CPU
		{A6417910-4673-4CE0-A3B6-43E10DB0151E}.Release|ARM.Build.0 = Release|Any CPU
		{A6417910-4673-4CE0-A3B6-43E10DB0151E}.Release|Mixed Platforms.ActiveCfg = Release|Any CPU
		{A6417910-4673-4CE0-A3B6-43E10DB0151E}.Release|Mixed Platforms.Build.0 = Release|Any CPU
		{A6417910-4673-4CE0-A3B6-43E10DB0151E}.Release|x64.ActiveCfg = Release|Any CPU
		{A6417910-4673-4CE0-A3B6-43E10DB0151E}.Release|x64.Build.0 = Release|Any CPU
		{A6417910-4673-4CE0-A3B6-43E10DB0151E}.Release|x86.ActiveCfg = Release|Any CPU
		{639925E2-1FD6-4E3F-A76B-5F37D93F2698}.Debug|Any CPU.ActiveCfg = Debug|Any CPU
		{639925E2-1FD6-4E3F-A76B-5F37D93F2698}.Debug|Any CPU.Build.0 = Debug|Any CPU
		{639925E2-1FD6-4E3F-A76B-5F37D93F2698}.Debug|ARM.ActiveCfg = Debug|Any CPU
		{639925E2-1FD6-4E3F-A76B-5F37D93F2698}.Debug|ARM.Build.0 = Debug|Any CPU
		{639925E2-1FD6-4E3F-A76B-5F37D93F2698}.Debug|Mixed Platforms.ActiveCfg = Debug|Any CPU
		{639925E2-1FD6-4E3F-A76B-5F37D93F2698}.Debug|Mixed Platforms.Build.0 = Debug|Any CPU
		{639925E2-1FD6-4E3F-A76B-5F37D93F2698}.Debug|x64.ActiveCfg = Debug|Any CPU
		{639925E2-1FD6-4E3F-A76B-5F37D93F2698}.Debug|x64.Build.0 = Debug|Any CPU
		{639925E2-1FD6-4E3F-A76B-5F37D93F2698}.Debug|x86.ActiveCfg = Debug|Any CPU
		{639925E2-1FD6-4E3F-A76B-5F37D93F2698}.Release|Any CPU.ActiveCfg = Release|Any CPU
		{639925E2-1FD6-4E3F-A76B-5F37D93F2698}.Release|Any CPU.Build.0 = Release|Any CPU
		{639925E2-1FD6-4E3F-A76B-5F37D93F2698}.Release|ARM.ActiveCfg = Release|Any CPU
		{639925E2-1FD6-4E3F-A76B-5F37D93F2698}.Release|ARM.Build.0 = Release|Any CPU
		{639925E2-1FD6-4E3F-A76B-5F37D93F2698}.Release|Mixed Platforms.ActiveCfg = Release|Any CPU
		{639925E2-1FD6-4E3F-A76B-5F37D93F2698}.Release|Mixed Platforms.Build.0 = Release|Any CPU
		{639925E2-1FD6-4E3F-A76B-5F37D93F2698}.Release|x64.ActiveCfg = Release|Any CPU
		{639925E2-1FD6-4E3F-A76B-5F37D93F2698}.Release|x64.Build.0 = Release|Any CPU
		{639925E2-1FD6-4E3F-A76B-5F37D93F2698}.Release|x86.ActiveCfg = Release|Any CPU
		{8DD04A87-A880-4B75-A3A5-F59AF77C3DAB}.Debug|Any CPU.ActiveCfg = Debug|Any CPU
		{8DD04A87-A880-4B75-A3A5-F59AF77C3DAB}.Debug|Any CPU.Build.0 = Debug|Any CPU
		{8DD04A87-A880-4B75-A3A5-F59AF77C3DAB}.Debug|ARM.ActiveCfg = Debug|Any CPU
		{8DD04A87-A880-4B75-A3A5-F59AF77C3DAB}.Debug|ARM.Build.0 = Debug|Any CPU
		{8DD04A87-A880-4B75-A3A5-F59AF77C3DAB}.Debug|Mixed Platforms.ActiveCfg = Debug|Any CPU
		{8DD04A87-A880-4B75-A3A5-F59AF77C3DAB}.Debug|Mixed Platforms.Build.0 = Debug|Any CPU
		{8DD04A87-A880-4B75-A3A5-F59AF77C3DAB}.Debug|x64.ActiveCfg = Debug|Any CPU
		{8DD04A87-A880-4B75-A3A5-F59AF77C3DAB}.Debug|x64.Build.0 = Debug|Any CPU
		{8DD04A87-A880-4B75-A3A5-F59AF77C3DAB}.Debug|x86.ActiveCfg = Debug|Any CPU
		{8DD04A87-A880-4B75-A3A5-F59AF77C3DAB}.Release|Any CPU.ActiveCfg = Release|Any CPU
		{8DD04A87-A880-4B75-A3A5-F59AF77C3DAB}.Release|Any CPU.Build.0 = Release|Any CPU
		{8DD04A87-A880-4B75-A3A5-F59AF77C3DAB}.Release|ARM.ActiveCfg = Release|Any CPU
		{8DD04A87-A880-4B75-A3A5-F59AF77C3DAB}.Release|ARM.Build.0 = Release|Any CPU
		{8DD04A87-A880-4B75-A3A5-F59AF77C3DAB}.Release|Mixed Platforms.ActiveCfg = Release|Any CPU
		{8DD04A87-A880-4B75-A3A5-F59AF77C3DAB}.Release|Mixed Platforms.Build.0 = Release|Any CPU
		{8DD04A87-A880-4B75-A3A5-F59AF77C3DAB}.Release|x64.ActiveCfg = Release|Any CPU
		{8DD04A87-A880-4B75-A3A5-F59AF77C3DAB}.Release|x64.Build.0 = Release|Any CPU
		{8DD04A87-A880-4B75-A3A5-F59AF77C3DAB}.Release|x86.ActiveCfg = Release|Any CPU
		{FA37CC20-24DF-41C6-9D44-7FCD32BC088C}.Debug|Any CPU.ActiveCfg = Debug|Any CPU
		{FA37CC20-24DF-41C6-9D44-7FCD32BC088C}.Debug|Any CPU.Build.0 = Debug|Any CPU
		{FA37CC20-24DF-41C6-9D44-7FCD32BC088C}.Debug|ARM.ActiveCfg = Debug|Any CPU
		{FA37CC20-24DF-41C6-9D44-7FCD32BC088C}.Debug|ARM.Build.0 = Debug|Any CPU
		{FA37CC20-24DF-41C6-9D44-7FCD32BC088C}.Debug|Mixed Platforms.ActiveCfg = Debug|Any CPU
		{FA37CC20-24DF-41C6-9D44-7FCD32BC088C}.Debug|Mixed Platforms.Build.0 = Debug|Any CPU
		{FA37CC20-24DF-41C6-9D44-7FCD32BC088C}.Debug|x64.ActiveCfg = Debug|Any CPU
		{FA37CC20-24DF-41C6-9D44-7FCD32BC088C}.Debug|x64.Build.0 = Debug|Any CPU
		{FA37CC20-24DF-41C6-9D44-7FCD32BC088C}.Debug|x86.ActiveCfg = Debug|Any CPU
		{FA37CC20-24DF-41C6-9D44-7FCD32BC088C}.Release|Any CPU.ActiveCfg = Release|Any CPU
		{FA37CC20-24DF-41C6-9D44-7FCD32BC088C}.Release|Any CPU.Build.0 = Release|Any CPU
		{FA37CC20-24DF-41C6-9D44-7FCD32BC088C}.Release|ARM.ActiveCfg = Release|Any CPU
		{FA37CC20-24DF-41C6-9D44-7FCD32BC088C}.Release|ARM.Build.0 = Release|Any CPU
		{FA37CC20-24DF-41C6-9D44-7FCD32BC088C}.Release|Mixed Platforms.ActiveCfg = Release|Any CPU
		{FA37CC20-24DF-41C6-9D44-7FCD32BC088C}.Release|Mixed Platforms.Build.0 = Release|Any CPU
		{FA37CC20-24DF-41C6-9D44-7FCD32BC088C}.Release|x64.ActiveCfg = Release|Any CPU
		{FA37CC20-24DF-41C6-9D44-7FCD32BC088C}.Release|x64.Build.0 = Release|Any CPU
		{FA37CC20-24DF-41C6-9D44-7FCD32BC088C}.Release|x86.ActiveCfg = Release|Any CPU
		{2BD0FAAA-8033-42CD-A00D-58D89CABDFC0}.Debug|Any CPU.ActiveCfg = Debug|Any CPU
		{2BD0FAAA-8033-42CD-A00D-58D89CABDFC0}.Debug|Any CPU.Build.0 = Debug|Any CPU
		{2BD0FAAA-8033-42CD-A00D-58D89CABDFC0}.Debug|ARM.ActiveCfg = Debug|Any CPU
		{2BD0FAAA-8033-42CD-A00D-58D89CABDFC0}.Debug|ARM.Build.0 = Debug|Any CPU
		{2BD0FAAA-8033-42CD-A00D-58D89CABDFC0}.Debug|Mixed Platforms.ActiveCfg = Debug|Any CPU
		{2BD0FAAA-8033-42CD-A00D-58D89CABDFC0}.Debug|Mixed Platforms.Build.0 = Debug|Any CPU
		{2BD0FAAA-8033-42CD-A00D-58D89CABDFC0}.Debug|x64.ActiveCfg = Debug|Any CPU
		{2BD0FAAA-8033-42CD-A00D-58D89CABDFC0}.Debug|x64.Build.0 = Debug|Any CPU
		{2BD0FAAA-8033-42CD-A00D-58D89CABDFC0}.Debug|x86.ActiveCfg = Debug|Any CPU
		{2BD0FAAA-8033-42CD-A00D-58D89CABDFC0}.Release|Any CPU.ActiveCfg = Release|Any CPU
		{2BD0FAAA-8033-42CD-A00D-58D89CABDFC0}.Release|Any CPU.Build.0 = Release|Any CPU
		{2BD0FAAA-8033-42CD-A00D-58D89CABDFC0}.Release|ARM.ActiveCfg = Release|Any CPU
		{2BD0FAAA-8033-42CD-A00D-58D89CABDFC0}.Release|ARM.Build.0 = Release|Any CPU
		{2BD0FAAA-8033-42CD-A00D-58D89CABDFC0}.Release|Mixed Platforms.ActiveCfg = Release|Any CPU
		{2BD0FAAA-8033-42CD-A00D-58D89CABDFC0}.Release|Mixed Platforms.Build.0 = Release|Any CPU
		{2BD0FAAA-8033-42CD-A00D-58D89CABDFC0}.Release|x64.ActiveCfg = Release|Any CPU
		{2BD0FAAA-8033-42CD-A00D-58D89CABDFC0}.Release|x64.Build.0 = Release|Any CPU
		{2BD0FAAA-8033-42CD-A00D-58D89CABDFC0}.Release|x86.ActiveCfg = Release|Any CPU
		{5C7B77E1-5DA8-421F-B54B-DC7F809BAD1B}.Debug|Any CPU.ActiveCfg = Debug|Any CPU
		{5C7B77E1-5DA8-421F-B54B-DC7F809BAD1B}.Debug|Any CPU.Build.0 = Debug|Any CPU
		{5C7B77E1-5DA8-421F-B54B-DC7F809BAD1B}.Debug|ARM.ActiveCfg = Debug|Any CPU
		{5C7B77E1-5DA8-421F-B54B-DC7F809BAD1B}.Debug|ARM.Build.0 = Debug|Any CPU
		{5C7B77E1-5DA8-421F-B54B-DC7F809BAD1B}.Debug|Mixed Platforms.ActiveCfg = Debug|Any CPU
		{5C7B77E1-5DA8-421F-B54B-DC7F809BAD1B}.Debug|Mixed Platforms.Build.0 = Debug|Any CPU
		{5C7B77E1-5DA8-421F-B54B-DC7F809BAD1B}.Debug|x64.ActiveCfg = Debug|Any CPU
		{5C7B77E1-5DA8-421F-B54B-DC7F809BAD1B}.Debug|x64.Build.0 = Debug|Any CPU
		{5C7B77E1-5DA8-421F-B54B-DC7F809BAD1B}.Debug|x86.ActiveCfg = Debug|Any CPU
		{5C7B77E1-5DA8-421F-B54B-DC7F809BAD1B}.Release|Any CPU.ActiveCfg = Release|Any CPU
		{5C7B77E1-5DA8-421F-B54B-DC7F809BAD1B}.Release|Any CPU.Build.0 = Release|Any CPU
		{5C7B77E1-5DA8-421F-B54B-DC7F809BAD1B}.Release|ARM.ActiveCfg = Release|Any CPU
		{5C7B77E1-5DA8-421F-B54B-DC7F809BAD1B}.Release|ARM.Build.0 = Release|Any CPU
		{5C7B77E1-5DA8-421F-B54B-DC7F809BAD1B}.Release|Mixed Platforms.ActiveCfg = Release|Any CPU
		{5C7B77E1-5DA8-421F-B54B-DC7F809BAD1B}.Release|Mixed Platforms.Build.0 = Release|Any CPU
		{5C7B77E1-5DA8-421F-B54B-DC7F809BAD1B}.Release|x64.ActiveCfg = Release|Any CPU
		{5C7B77E1-5DA8-421F-B54B-DC7F809BAD1B}.Release|x64.Build.0 = Release|Any CPU
		{5C7B77E1-5DA8-421F-B54B-DC7F809BAD1B}.Release|x86.ActiveCfg = Release|Any CPU
		{B3BAE7A9-538A-43B2-BEDA-9E2D57BFDE63}.Debug|Any CPU.ActiveCfg = Debug|Any CPU
		{B3BAE7A9-538A-43B2-BEDA-9E2D57BFDE63}.Debug|Any CPU.Build.0 = Debug|Any CPU
		{B3BAE7A9-538A-43B2-BEDA-9E2D57BFDE63}.Debug|ARM.ActiveCfg = Debug|Any CPU
		{B3BAE7A9-538A-43B2-BEDA-9E2D57BFDE63}.Debug|ARM.Build.0 = Debug|Any CPU
		{B3BAE7A9-538A-43B2-BEDA-9E2D57BFDE63}.Debug|Mixed Platforms.ActiveCfg = Debug|Any CPU
		{B3BAE7A9-538A-43B2-BEDA-9E2D57BFDE63}.Debug|Mixed Platforms.Build.0 = Debug|Any CPU
		{B3BAE7A9-538A-43B2-BEDA-9E2D57BFDE63}.Debug|x64.ActiveCfg = Debug|Any CPU
		{B3BAE7A9-538A-43B2-BEDA-9E2D57BFDE63}.Debug|x64.Build.0 = Debug|Any CPU
		{B3BAE7A9-538A-43B2-BEDA-9E2D57BFDE63}.Debug|x86.ActiveCfg = Debug|Any CPU
		{B3BAE7A9-538A-43B2-BEDA-9E2D57BFDE63}.Debug|x86.Build.0 = Debug|Any CPU
		{B3BAE7A9-538A-43B2-BEDA-9E2D57BFDE63}.Release|Any CPU.ActiveCfg = Release|Any CPU
		{B3BAE7A9-538A-43B2-BEDA-9E2D57BFDE63}.Release|Any CPU.Build.0 = Release|Any CPU
		{B3BAE7A9-538A-43B2-BEDA-9E2D57BFDE63}.Release|ARM.ActiveCfg = Release|Any CPU
		{B3BAE7A9-538A-43B2-BEDA-9E2D57BFDE63}.Release|ARM.Build.0 = Release|Any CPU
		{B3BAE7A9-538A-43B2-BEDA-9E2D57BFDE63}.Release|Mixed Platforms.ActiveCfg = Release|Any CPU
		{B3BAE7A9-538A-43B2-BEDA-9E2D57BFDE63}.Release|Mixed Platforms.Build.0 = Release|Any CPU
		{B3BAE7A9-538A-43B2-BEDA-9E2D57BFDE63}.Release|x64.ActiveCfg = Release|Any CPU
		{B3BAE7A9-538A-43B2-BEDA-9E2D57BFDE63}.Release|x64.Build.0 = Release|Any CPU
		{B3BAE7A9-538A-43B2-BEDA-9E2D57BFDE63}.Release|x86.ActiveCfg = Release|Any CPU
		{B3BAE7A9-538A-43B2-BEDA-9E2D57BFDE63}.Release|x86.Build.0 = Release|Any CPU
		{82865BDA-046D-42AA-93EE-63EB0B157D6F}.Debug|Any CPU.ActiveCfg = Debug|Any CPU
		{82865BDA-046D-42AA-93EE-63EB0B157D6F}.Debug|Any CPU.Build.0 = Debug|Any CPU
		{82865BDA-046D-42AA-93EE-63EB0B157D6F}.Debug|ARM.ActiveCfg = Debug|Any CPU
		{82865BDA-046D-42AA-93EE-63EB0B157D6F}.Debug|ARM.Build.0 = Debug|Any CPU
		{82865BDA-046D-42AA-93EE-63EB0B157D6F}.Debug|Mixed Platforms.ActiveCfg = Debug|Any CPU
		{82865BDA-046D-42AA-93EE-63EB0B157D6F}.Debug|Mixed Platforms.Build.0 = Debug|Any CPU
		{82865BDA-046D-42AA-93EE-63EB0B157D6F}.Debug|x64.ActiveCfg = Debug|Any CPU
		{82865BDA-046D-42AA-93EE-63EB0B157D6F}.Debug|x64.Build.0 = Debug|Any CPU
		{82865BDA-046D-42AA-93EE-63EB0B157D6F}.Debug|x86.ActiveCfg = Debug|Any CPU
		{82865BDA-046D-42AA-93EE-63EB0B157D6F}.Debug|x86.Build.0 = Debug|Any CPU
		{82865BDA-046D-42AA-93EE-63EB0B157D6F}.Release|Any CPU.ActiveCfg = Release|Any CPU
		{82865BDA-046D-42AA-93EE-63EB0B157D6F}.Release|Any CPU.Build.0 = Release|Any CPU
		{82865BDA-046D-42AA-93EE-63EB0B157D6F}.Release|ARM.ActiveCfg = Release|Any CPU
		{82865BDA-046D-42AA-93EE-63EB0B157D6F}.Release|ARM.Build.0 = Release|Any CPU
		{82865BDA-046D-42AA-93EE-63EB0B157D6F}.Release|Mixed Platforms.ActiveCfg = Release|Any CPU
		{82865BDA-046D-42AA-93EE-63EB0B157D6F}.Release|Mixed Platforms.Build.0 = Release|Any CPU
		{82865BDA-046D-42AA-93EE-63EB0B157D6F}.Release|x64.ActiveCfg = Release|Any CPU
		{82865BDA-046D-42AA-93EE-63EB0B157D6F}.Release|x64.Build.0 = Release|Any CPU
		{82865BDA-046D-42AA-93EE-63EB0B157D6F}.Release|x86.ActiveCfg = Release|Any CPU
		{82865BDA-046D-42AA-93EE-63EB0B157D6F}.Release|x86.Build.0 = Release|Any CPU
	EndGlobalSection
	GlobalSection(SolutionProperties) = preSolution
		HideSolutionNode = FALSE
	EndGlobalSection
	GlobalSection(ExtensibilityGlobals) = postSolution
		SolutionGuid = {6CECD266-F842-4760-94B2-7CAF4D13E953}
	EndGlobalSection
	GlobalSection(SubversionScc) = preSolution
		Svn-Managed = True
		Manager = AnkhSVN - Subversion Support for Visual Studio
	EndGlobalSection
	GlobalSection(TestCaseManagementSettings) = postSolution
		CategoryFile = GTS.vsmdi
	EndGlobalSection
EndGlobal
