
Microsoft Visual Studio Solution File, Format Version 12.00
# Visual Studio Version 16
VisualStudioVersion = 16.0.29209.62
MinimumVisualStudioVersion = 10.0.40219.1
Project("{2150E333-8FDC-42A3-9474-1A3956D46DE8}") = "UI", "UI", "{C4B0BDA3-F5AE-40F9-8D10-061014F79E45}"
EndProject
Project("{FAE04EC0-301F-11D3-BF4B-00C04F79EFBC}") = "Get.UI.Demo", "UI\Get.Demo\Get.UI.Demo.csproj", "{F6441FDB-9D04-462D-8F62-DE84FC516654}"
EndProject
Project("{FAE04EC0-301F-11D3-BF4B-00C04F79EFBC}") = "Get.UI.GraphVisualization", "UI\Get.UI.GraphVisualization\Get.UI.GraphVisualization.csproj", "{4E17F47F-8DB8-41ED-BB04-A26D6793D224}"
EndProject
Project("{9A19103F-16F7-4668-BE54-9A1E7A4F7556}") = "Get.Model.Graph", "DataStructures\Get.Model.Graph.csproj", "{71CEDB71-D97C-4F85-99F8-B587B799BCDD}"
EndProject
Project("{9A19103F-16F7-4668-BE54-9A1E7A4F7556}") = "Get.Common.Mathematics", "Mathematics\Get.Common.Mathematics.csproj", "{5C7B77E1-5DA8-421F-B54B-DC7F809BAD1B}"
EndProject
Project("{FAE04EC0-301F-11D3-BF4B-00C04F79EFBC}") = "Get.Model.Graph.Test", "DataStructure.Test\Get.Model.Graph.Test.csproj", "{B3BAE7A9-538A-43B2-BEDA-9E2D57BFDE63}"
EndProject
Global
	GlobalSection(SolutionConfigurationPlatforms) = preSolution
		Debug|Any CPU = Debug|Any CPU
		Debug|Mixed Platforms = Debug|Mixed Platforms
		Debug|x86 = Debug|x86
		Release|Any CPU = Release|Any CPU
		Release|Mixed Platforms = Release|Mixed Platforms
		Release|x86 = Release|x86
	EndGlobalSection
	GlobalSection(ProjectConfigurationPlatforms) = postSolution
		{F6441FDB-9D04-462D-8F62-DE84FC516654}.Debug|Any CPU.ActiveCfg = Debug|Any CPU
		{F6441FDB-9D04-462D-8F62-DE84FC516654}.Debug|Any CPU.Build.0 = Debug|Any CPU
		{F6441FDB-9D04-462D-8F62-DE84FC516654}.Debug|Mixed Platforms.ActiveCfg = Debug|Any CPU
		{F6441FDB-9D04-462D-8F62-DE84FC516654}.Debug|Mixed Platforms.Build.0 = Debug|Any CPU
		{F6441FDB-9D04-462D-8F62-DE84FC516654}.Debug|x86.ActiveCfg = Debug|Any CPU
		{F6441FDB-9D04-462D-8F62-DE84FC516654}.Release|Any CPU.ActiveCfg = Release|Any CPU
		{F6441FDB-9D04-462D-8F62-DE84FC516654}.Release|Any CPU.Build.0 = Release|Any CPU
		{F6441FDB-9D04-462D-8F62-DE84FC516654}.Release|Mixed Platforms.ActiveCfg = Release|Any CPU
		{F6441FDB-9D04-462D-8F62-DE84FC516654}.Release|Mixed Platforms.Build.0 = Release|Any CPU
		{F6441FDB-9D04-462D-8F62-DE84FC516654}.Release|x86.ActiveCfg = Release|Any CPU
		{4E17F47F-8DB8-41ED-BB04-A26D6793D224}.Debug|Any CPU.ActiveCfg = Debug|Any CPU
		{4E17F47F-8DB8-41ED-BB04-A26D6793D224}.Debug|Any CPU.Build.0 = Debug|Any CPU
		{4E17F47F-8DB8-41ED-BB04-A26D6793D224}.Debug|Mixed Platforms.ActiveCfg = Debug|Any CPU
		{4E17F47F-8DB8-41ED-BB04-A26D6793D224}.Debug|Mixed Platforms.Build.0 = Debug|Any CPU
		{4E17F47F-8DB8-41ED-BB04-A26D6793D224}.Debug|x86.ActiveCfg = Debug|Any CPU
		{4E17F47F-8DB8-41ED-BB04-A26D6793D224}.Release|Any CPU.ActiveCfg = Release|Any CPU
		{4E17F47F-8DB8-41ED-BB04-A26D6793D224}.Release|Any CPU.Build.0 = Release|Any CPU
		{4E17F47F-8DB8-41ED-BB04-A26D6793D224}.Release|Mixed Platforms.ActiveCfg = Release|Any CPU
		{4E17F47F-8DB8-41ED-BB04-A26D6793D224}.Release|Mixed Platforms.Build.0 = Release|Any CPU
		{4E17F47F-8DB8-41ED-BB04-A26D6793D224}.Release|x86.ActiveCfg = Release|Any CPU
		{71CEDB71-D97C-4F85-99F8-B587B799BCDD}.Debug|Any CPU.ActiveCfg = Debug|Any CPU
		{71CEDB71-D97C-4F85-99F8-B587B799BCDD}.Debug|Any CPU.Build.0 = Debug|Any CPU
		{71CEDB71-D97C-4F85-99F8-B587B799BCDD}.Debug|Mixed Platforms.ActiveCfg = Debug|Any CPU
		{71CEDB71-D97C-4F85-99F8-B587B799BCDD}.Debug|Mixed Platforms.Build.0 = Debug|Any CPU
		{71CEDB71-D97C-4F85-99F8-B587B799BCDD}.Debug|x86.ActiveCfg = Debug|Any CPU
		{71CEDB71-D97C-4F85-99F8-B587B799BCDD}.Release|Any CPU.ActiveCfg = Release|Any CPU
		{71CEDB71-D97C-4F85-99F8-B587B799BCDD}.Release|Any CPU.Build.0 = Release|Any CPU
		{71CEDB71-D97C-4F85-99F8-B587B799BCDD}.Release|Mixed Platforms.ActiveCfg = Release|Any CPU
		{71CEDB71-D97C-4F85-99F8-B587B799BCDD}.Release|Mixed Platforms.Build.0 = Release|Any CPU
		{71CEDB71-D97C-4F85-99F8-B587B799BCDD}.Release|x86.ActiveCfg = Release|Any CPU
		{5C7B77E1-5DA8-421F-B54B-DC7F809BAD1B}.Debug|Any CPU.ActiveCfg = Debug|Any CPU
		{5C7B77E1-5DA8-421F-B54B-DC7F809BAD1B}.Debug|Any CPU.Build.0 = Debug|Any CPU
		{5C7B77E1-5DA8-421F-B54B-DC7F809BAD1B}.Debug|Mixed Platforms.ActiveCfg = Debug|Any CPU
		{5C7B77E1-5DA8-421F-B54B-DC7F809BAD1B}.Debug|Mixed Platforms.Build.0 = Debug|Any CPU
		{5C7B77E1-5DA8-421F-B54B-DC7F809BAD1B}.Debug|x86.ActiveCfg = Debug|Any CPU
		{5C7B77E1-5DA8-421F-B54B-DC7F809BAD1B}.Release|Any CPU.ActiveCfg = Release|Any CPU
		{5C7B77E1-5DA8-421F-B54B-DC7F809BAD1B}.Release|Any CPU.Build.0 = Release|Any CPU
		{5C7B77E1-5DA8-421F-B54B-DC7F809BAD1B}.Release|Mixed Platforms.ActiveCfg = Release|Any CPU
		{5C7B77E1-5DA8-421F-B54B-DC7F809BAD1B}.Release|Mixed Platforms.Build.0 = Release|Any CPU
		{5C7B77E1-5DA8-421F-B54B-DC7F809BAD1B}.Release|x86.ActiveCfg = Release|Any CPU
		{B3BAE7A9-538A-43B2-BEDA-9E2D57BFDE63}.Debug|Any CPU.ActiveCfg = Debug|Any CPU
		{B3BAE7A9-538A-43B2-BEDA-9E2D57BFDE63}.Debug|Any CPU.Build.0 = Debug|Any CPU
		{B3BAE7A9-538A-43B2-BEDA-9E2D57BFDE63}.Debug|Mixed Platforms.ActiveCfg = Debug|Any CPU
		{B3BAE7A9-538A-43B2-BEDA-9E2D57BFDE63}.Debug|Mixed Platforms.Build.0 = Debug|Any CPU
		{B3BAE7A9-538A-43B2-BEDA-9E2D57BFDE63}.Debug|x86.ActiveCfg = Debug|Any CPU
		{B3BAE7A9-538A-43B2-BEDA-9E2D57BFDE63}.Release|Any CPU.ActiveCfg = Release|Any CPU
		{B3BAE7A9-538A-43B2-BEDA-9E2D57BFDE63}.Release|Any CPU.Build.0 = Release|Any CPU
		{B3BAE7A9-538A-43B2-BEDA-9E2D57BFDE63}.Release|Mixed Platforms.ActiveCfg = Release|Any CPU
		{B3BAE7A9-538A-43B2-BEDA-9E2D57BFDE63}.Release|Mixed Platforms.Build.0 = Release|Any CPU
		{B3BAE7A9-538A-43B2-BEDA-9E2D57BFDE63}.Release|x86.ActiveCfg = Release|Any CPU
	EndGlobalSection
	GlobalSection(SolutionProperties) = preSolution
		HideSolutionNode = FALSE
	EndGlobalSection
	GlobalSection(NestedProjects) = preSolution
		{F6441FDB-9D04-462D-8F62-DE84FC516654} = {C4B0BDA3-F5AE-40F9-8D10-061014F79E45}
		{4E17F47F-8DB8-41ED-BB04-A26D6793D224} = {C4B0BDA3-F5AE-40F9-8D10-061014F79E45}
	EndGlobalSection
	GlobalSection(ExtensibilityGlobals) = postSolution
		SolutionGuid = {F001E7F5-7F90-426A-BE4E-056CBCEDFD60}
	EndGlobalSection
	GlobalSection(SubversionScc) = preSolution
		Svn-Managed = True
		Manager = AnkhSVN - Subversion Support for Visual Studio
	EndGlobalSection
	GlobalSection(TestCaseManagementSettings) = postSolution
		CategoryFile = GTS.vsmdi
	EndGlobalSection
EndGlobal
