
Microsoft Visual Studio Solution File, Format Version 12.00
# Visual Studio 2013
VisualStudioVersion = 12.0.40629.0
MinimumVisualStudioVersion = 10.0.40219.1
Project("{2150E333-8FDC-42A3-9474-1A3956D46DE8}") = "Common", "Common", "{EE7EBEEC-B602-4450-A890-B49BB4F993CD}"
EndProject
Project("{2150E333-8FDC-42A3-9474-1A3956D46DE8}") = "Model", "Model", "{7802CC01-0181-4B4F-AE15-6BBE458EA9E2}"
EndProject
Project("{2150E333-8FDC-42A3-9474-1A3956D46DE8}") = "UI", "UI", "{C4B0BDA3-F5AE-40F9-8D10-061014F79E45}"
EndProject
Project("{FAE04EC0-301F-11D3-BF4B-00C04F79EFBC}") = "Get.UI.Demo", "UI\Get.Demo\Get.UI.Demo.csproj", "{F6441FDB-9D04-462D-8F62-DE84FC516654}"
EndProject
Project("{FAE04EC0-301F-11D3-BF4B-00C04F79EFBC}") = "Get.Model.Graph.Test", "Model\Get.Model.Graph.Test\Get.Model.Graph.Test.csproj", "{B3BAE7A9-538A-43B2-BEDA-9E2D57BFDE63}"
EndProject
Project("{FAE04EC0-301F-11D3-BF4B-00C04F79EFBC}") = "Get.the.Solution.Algorithms", "Common\Get.the.Solution.Algorithms\Get.the.Solution.Algorithms.csproj", "{A6417910-4673-4CE0-A3B6-43E10DB0151E}"
EndProject
Project("{FAE04EC0-301F-11D3-BF4B-00C04F79EFBC}") = "Get.the.Solution.Algorithms.Test", "Common\Get.the.Solution.Algorithms.DataStrucre.Test\Get.the.Solution.Algorithms.Test.csproj", "{639925E2-1FD6-4E3F-A76B-5F37D93F2698}"
EndProject
Project("{FAE04EC0-301F-11D3-BF4B-00C04F79EFBC}") = "Get.the.Solution.Algorithms.Graph", "Common\Get.the.Solution.Algorithms.Graph\Get.the.Solution.Algorithms.Graph.csproj", "{8DD04A87-A880-4B75-A3A5-F59AF77C3DAB}"
EndProject
Project("{FAE04EC0-301F-11D3-BF4B-00C04F79EFBC}") = "Get.the.Solution.Algorithms.Graph.Test", "Common\Get.the.Solution.Algorithms.Graph.Test\Get.the.Solution.Algorithms.Graph.Test.csproj", "{FA37CC20-24DF-41C6-9D44-7FCD32BC088C}"
EndProject
Project("{FAE04EC0-301F-11D3-BF4B-00C04F79EFBC}") = "Get.the.Solution.DataStructure.Test", "Common\Get.the.Solution.DataStructure.Test\Get.the.Solution.DataStructure.Test.csproj", "{A6D3358A-271C-48CB-8BC2-A994B1B82B20}"
EndProject
Project("{FAE04EC0-301F-11D3-BF4B-00C04F79EFBC}") = "Get.the.Solution.DataStructure", "Common\Get.the.Solution.DataStructures\Get.the.Solution.DataStructure.csproj", "{2BD0FAAA-8033-42CD-A00D-58D89CABDFC0}"
EndProject
Project("{FAE04EC0-301F-11D3-BF4B-00C04F79EFBC}") = "Get.the.Solution.Mathematics", "Common\Get.the.Solution.Mathematics\Get.the.Solution.Mathematics.csproj", "{5C7B77E1-5DA8-421F-B54B-DC7F809BAD1B}"
EndProject
Project("{2150E333-8FDC-42A3-9474-1A3956D46DE8}") = ".nuget", ".nuget", "{02681F40-ED31-4761-815D-88A61D3210D4}"
	ProjectSection(SolutionItems) = preProject
		.nuget\packages.config = .nuget\packages.config
	EndProjectSection
EndProject
Global
	GlobalSection(SubversionScc) = preSolution
		Svn-Managed = True
		Manager = AnkhSVN - Subversion Support for Visual Studio
	EndGlobalSection
	GlobalSection(SolutionConfigurationPlatforms) = preSolution
		Debug|Any CPU = Debug|Any CPU
		Debug|Mixed Platforms = Debug|Mixed Platforms
		Debug|x86 = Debug|x86
		Release|Any CPU = Release|Any CPU
		Release|Mixed Platforms = Release|Mixed Platforms
		Release|x86 = Release|x86
	EndGlobalSection
	GlobalSection(ProjectConfigurationPlatforms) = postSolution
		{F6441FDB-9D04-462D-8F62-DE84FC516654}.Debug|Any CPU.ActiveCfg = Debug|Any CPU
		{F6441FDB-9D04-462D-8F62-DE84FC516654}.Debug|Any CPU.Build.0 = Debug|Any CPU
		{F6441FDB-9D04-462D-8F62-DE84FC516654}.Debug|Mixed Platforms.ActiveCfg = Debug|Any CPU
		{F6441FDB-9D04-462D-8F62-DE84FC516654}.Debug|Mixed Platforms.Build.0 = Debug|Any CPU
		{F6441FDB-9D04-462D-8F62-DE84FC516654}.Debug|x86.ActiveCfg = Debug|Any CPU
		{F6441FDB-9D04-462D-8F62-DE84FC516654}.Release|Any CPU.ActiveCfg = Release|Any CPU
		{F6441FDB-9D04-462D-8F62-DE84FC516654}.Release|Any CPU.Build.0 = Release|Any CPU
		{F6441FDB-9D04-462D-8F62-DE84FC516654}.Release|Mixed Platforms.ActiveCfg = Release|Any CPU
		{F6441FDB-9D04-462D-8F62-DE84FC516654}.Release|Mixed Platforms.Build.0 = Release|Any CPU
		{F6441FDB-9D04-462D-8F62-DE84FC516654}.Release|x86.ActiveCfg = Release|Any CPU
		{B3BAE7A9-538A-43B2-BEDA-9E2D57BFDE63}.Debug|Any CPU.ActiveCfg = Debug|Any CPU
		{B3BAE7A9-538A-43B2-BEDA-9E2D57BFDE63}.Debug|Any CPU.Build.0 = Debug|Any CPU
		{B3BAE7A9-538A-43B2-BEDA-9E2D57BFDE63}.Debug|Mixed Platforms.ActiveCfg = Debug|Any CPU
		{B3BAE7A9-538A-43B2-BEDA-9E2D57BFDE63}.Debug|Mixed Platforms.Build.0 = Debug|Any CPU
		{B3BAE7A9-538A-43B2-BEDA-9E2D57BFDE63}.Debug|x86.ActiveCfg = Debug|Any CPU
		{B3BAE7A9-538A-43B2-BEDA-9E2D57BFDE63}.Release|Any CPU.ActiveCfg = Release|Any CPU
		{B3BAE7A9-538A-43B2-BEDA-9E2D57BFDE63}.Release|Any CPU.Build.0 = Release|Any CPU
		{B3BAE7A9-538A-43B2-BEDA-9E2D57BFDE63}.Release|Mixed Platforms.ActiveCfg = Release|Any CPU
		{B3BAE7A9-538A-43B2-BEDA-9E2D57BFDE63}.Release|Mixed Platforms.Build.0 = Release|Any CPU
		{B3BAE7A9-538A-43B2-BEDA-9E2D57BFDE63}.Release|x86.ActiveCfg = Release|Any CPU
		{A6417910-4673-4CE0-A3B6-43E10DB0151E}.Debug|Any CPU.ActiveCfg = Debug|Any CPU
		{A6417910-4673-4CE0-A3B6-43E10DB0151E}.Debug|Any CPU.Build.0 = Debug|Any CPU
		{A6417910-4673-4CE0-A3B6-43E10DB0151E}.Debug|Mixed Platforms.ActiveCfg = Debug|Any CPU
		{A6417910-4673-4CE0-A3B6-43E10DB0151E}.Debug|Mixed Platforms.Build.0 = Debug|Any CPU
		{A6417910-4673-4CE0-A3B6-43E10DB0151E}.Debug|x86.ActiveCfg = Debug|Any CPU
		{A6417910-4673-4CE0-A3B6-43E10DB0151E}.Release|Any CPU.ActiveCfg = Release|Any CPU
		{A6417910-4673-4CE0-A3B6-43E10DB0151E}.Release|Any CPU.Build.0 = Release|Any CPU
		{A6417910-4673-4CE0-A3B6-43E10DB0151E}.Release|Mixed Platforms.ActiveCfg = Release|Any CPU
		{A6417910-4673-4CE0-A3B6-43E10DB0151E}.Release|Mixed Platforms.Build.0 = Release|Any CPU
		{A6417910-4673-4CE0-A3B6-43E10DB0151E}.Release|x86.ActiveCfg = Release|Any CPU
		{639925E2-1FD6-4E3F-A76B-5F37D93F2698}.Debug|Any CPU.ActiveCfg = Debug|Any CPU
		{639925E2-1FD6-4E3F-A76B-5F37D93F2698}.Debug|Any CPU.Build.0 = Debug|Any CPU
		{639925E2-1FD6-4E3F-A76B-5F37D93F2698}.Debug|Mixed Platforms.ActiveCfg = Debug|Any CPU
		{639925E2-1FD6-4E3F-A76B-5F37D93F2698}.Debug|Mixed Platforms.Build.0 = Debug|Any CPU
		{639925E2-1FD6-4E3F-A76B-5F37D93F2698}.Debug|x86.ActiveCfg = Debug|Any CPU
		{639925E2-1FD6-4E3F-A76B-5F37D93F2698}.Release|Any CPU.ActiveCfg = Release|Any CPU
		{639925E2-1FD6-4E3F-A76B-5F37D93F2698}.Release|Any CPU.Build.0 = Release|Any CPU
		{639925E2-1FD6-4E3F-A76B-5F37D93F2698}.Release|Mixed Platforms.ActiveCfg = Release|Any CPU
		{639925E2-1FD6-4E3F-A76B-5F37D93F2698}.Release|Mixed Platforms.Build.0 = Release|Any CPU
		{639925E2-1FD6-4E3F-A76B-5F37D93F2698}.Release|x86.ActiveCfg = Release|Any CPU
		{8DD04A87-A880-4B75-A3A5-F59AF77C3DAB}.Debug|Any CPU.ActiveCfg = Debug|Any CPU
		{8DD04A87-A880-4B75-A3A5-F59AF77C3DAB}.Debug|Any CPU.Build.0 = Debug|Any CPU
		{8DD04A87-A880-4B75-A3A5-F59AF77C3DAB}.Debug|Mixed Platforms.ActiveCfg = Debug|Any CPU
		{8DD04A87-A880-4B75-A3A5-F59AF77C3DAB}.Debug|Mixed Platforms.Build.0 = Debug|Any CPU
		{8DD04A87-A880-4B75-A3A5-F59AF77C3DAB}.Debug|x86.ActiveCfg = Debug|Any CPU
		{8DD04A87-A880-4B75-A3A5-F59AF77C3DAB}.Release|Any CPU.ActiveCfg = Release|Any CPU
		{8DD04A87-A880-4B75-A3A5-F59AF77C3DAB}.Release|Any CPU.Build.0 = Release|Any CPU
		{8DD04A87-A880-4B75-A3A5-F59AF77C3DAB}.Release|Mixed Platforms.ActiveCfg = Release|Any CPU
		{8DD04A87-A880-4B75-A3A5-F59AF77C3DAB}.Release|Mixed Platforms.Build.0 = Release|Any CPU
		{8DD04A87-A880-4B75-A3A5-F59AF77C3DAB}.Release|x86.ActiveCfg = Release|Any CPU
		{FA37CC20-24DF-41C6-9D44-7FCD32BC088C}.Debug|Any CPU.ActiveCfg = Debug|Any CPU
		{FA37CC20-24DF-41C6-9D44-7FCD32BC088C}.Debug|Any CPU.Build.0 = Debug|Any CPU
		{FA37CC20-24DF-41C6-9D44-7FCD32BC088C}.Debug|Mixed Platforms.ActiveCfg = Debug|Any CPU
		{FA37CC20-24DF-41C6-9D44-7FCD32BC088C}.Debug|Mixed Platforms.Build.0 = Debug|Any CPU
		{FA37CC20-24DF-41C6-9D44-7FCD32BC088C}.Debug|x86.ActiveCfg = Debug|Any CPU
		{FA37CC20-24DF-41C6-9D44-7FCD32BC088C}.Release|Any CPU.ActiveCfg = Release|Any CPU
		{FA37CC20-24DF-41C6-9D44-7FCD32BC088C}.Release|Any CPU.Build.0 = Release|Any CPU
		{FA37CC20-24DF-41C6-9D44-7FCD32BC088C}.Release|Mixed Platforms.ActiveCfg = Release|Any CPU
		{FA37CC20-24DF-41C6-9D44-7FCD32BC088C}.Release|Mixed Platforms.Build.0 = Release|Any CPU
		{FA37CC20-24DF-41C6-9D44-7FCD32BC088C}.Release|x86.ActiveCfg = Release|Any CPU
		{A6D3358A-271C-48CB-8BC2-A994B1B82B20}.Debug|Any CPU.ActiveCfg = Debug|Any CPU
		{A6D3358A-271C-48CB-8BC2-A994B1B82B20}.Debug|Any CPU.Build.0 = Debug|Any CPU
		{A6D3358A-271C-48CB-8BC2-A994B1B82B20}.Debug|Mixed Platforms.ActiveCfg = Debug|Any CPU
		{A6D3358A-271C-48CB-8BC2-A994B1B82B20}.Debug|Mixed Platforms.Build.0 = Debug|Any CPU
		{A6D3358A-271C-48CB-8BC2-A994B1B82B20}.Debug|x86.ActiveCfg = Debug|Any CPU
		{A6D3358A-271C-48CB-8BC2-A994B1B82B20}.Release|Any CPU.ActiveCfg = Release|Any CPU
		{A6D3358A-271C-48CB-8BC2-A994B1B82B20}.Release|Any CPU.Build.0 = Release|Any CPU
		{A6D3358A-271C-48CB-8BC2-A994B1B82B20}.Release|Mixed Platforms.ActiveCfg = Release|Any CPU
		{A6D3358A-271C-48CB-8BC2-A994B1B82B20}.Release|Mixed Platforms.Build.0 = Release|Any CPU
		{A6D3358A-271C-48CB-8BC2-A994B1B82B20}.Release|x86.ActiveCfg = Release|Any CPU
		{2BD0FAAA-8033-42CD-A00D-58D89CABDFC0}.Debug|Any CPU.ActiveCfg = Debug|Any CPU
		{2BD0FAAA-8033-42CD-A00D-58D89CABDFC0}.Debug|Any CPU.Build.0 = Debug|Any CPU
		{2BD0FAAA-8033-42CD-A00D-58D89CABDFC0}.Debug|Mixed Platforms.ActiveCfg = Debug|Any CPU
		{2BD0FAAA-8033-42CD-A00D-58D89CABDFC0}.Debug|Mixed Platforms.Build.0 = Debug|Any CPU
		{2BD0FAAA-8033-42CD-A00D-58D89CABDFC0}.Debug|x86.ActiveCfg = Debug|Any CPU
		{2BD0FAAA-8033-42CD-A00D-58D89CABDFC0}.Release|Any CPU.ActiveCfg = Release|Any CPU
		{2BD0FAAA-8033-42CD-A00D-58D89CABDFC0}.Release|Any CPU.Build.0 = Release|Any CPU
		{2BD0FAAA-8033-42CD-A00D-58D89CABDFC0}.Release|Mixed Platforms.ActiveCfg = Release|Any CPU
		{2BD0FAAA-8033-42CD-A00D-58D89CABDFC0}.Release|Mixed Platforms.Build.0 = Release|Any CPU
		{2BD0FAAA-8033-42CD-A00D-58D89CABDFC0}.Release|x86.ActiveCfg = Release|Any CPU
		{5C7B77E1-5DA8-421F-B54B-DC7F809BAD1B}.Debug|Any CPU.ActiveCfg = Debug|Any CPU
		{5C7B77E1-5DA8-421F-B54B-DC7F809BAD1B}.Debug|Any CPU.Build.0 = Debug|Any CPU
		{5C7B77E1-5DA8-421F-B54B-DC7F809BAD1B}.Debug|Mixed Platforms.ActiveCfg = Debug|Any CPU
		{5C7B77E1-5DA8-421F-B54B-DC7F809BAD1B}.Debug|Mixed Platforms.Build.0 = Debug|Any CPU
		{5C7B77E1-5DA8-421F-B54B-DC7F809BAD1B}.Debug|x86.ActiveCfg = Debug|Any CPU
		{5C7B77E1-5DA8-421F-B54B-DC7F809BAD1B}.Release|Any CPU.ActiveCfg = Release|Any CPU
		{5C7B77E1-5DA8-421F-B54B-DC7F809BAD1B}.Release|Any CPU.Build.0 = Release|Any CPU
		{5C7B77E1-5DA8-421F-B54B-DC7F809BAD1B}.Release|Mixed Platforms.ActiveCfg = Release|Any CPU
		{5C7B77E1-5DA8-421F-B54B-DC7F809BAD1B}.Release|Mixed Platforms.Build.0 = Release|Any CPU
		{5C7B77E1-5DA8-421F-B54B-DC7F809BAD1B}.Release|x86.ActiveCfg = Release|Any CPU
	EndGlobalSection
	GlobalSection(SolutionProperties) = preSolution
		HideSolutionNode = FALSE
	EndGlobalSection
	GlobalSection(NestedProjects) = preSolution
		{F6441FDB-9D04-462D-8F62-DE84FC516654} = {C4B0BDA3-F5AE-40F9-8D10-061014F79E45}
		{B3BAE7A9-538A-43B2-BEDA-9E2D57BFDE63} = {7802CC01-0181-4B4F-AE15-6BBE458EA9E2}
		{A6417910-4673-4CE0-A3B6-43E10DB0151E} = {EE7EBEEC-B602-4450-A890-B49BB4F993CD}
		{639925E2-1FD6-4E3F-A76B-5F37D93F2698} = {EE7EBEEC-B602-4450-A890-B49BB4F993CD}
		{8DD04A87-A880-4B75-A3A5-F59AF77C3DAB} = {EE7EBEEC-B602-4450-A890-B49BB4F993CD}
		{FA37CC20-24DF-41C6-9D44-7FCD32BC088C} = {EE7EBEEC-B602-4450-A890-B49BB4F993CD}
		{A6D3358A-271C-48CB-8BC2-A994B1B82B20} = {EE7EBEEC-B602-4450-A890-B49BB4F993CD}
		{2BD0FAAA-8033-42CD-A00D-58D89CABDFC0} = {EE7EBEEC-B602-4450-A890-B49BB4F993CD}
		{5C7B77E1-5DA8-421F-B54B-DC7F809BAD1B} = {EE7EBEEC-B602-4450-A890-B49BB4F993CD}
	EndGlobalSection
	GlobalSection(TestCaseManagementSettings) = postSolution
		CategoryFile = GTS.vsmdi
	EndGlobalSection
EndGlobal
