
Microsoft Visual Studio Solution File, Format Version 12.00
# Visual Studio 14
VisualStudioVersion = 14.0.24720.0
MinimumVisualStudioVersion = 10.0.40219.1
Project("{2150E333-8FDC-42A3-9474-1A3956D46DE8}") = "Common", "Common", "{EE7EBEEC-B602-4450-A890-B49BB4F993CD}"
EndProject
Project("{2150E333-8FDC-42A3-9474-1A3956D46DE8}") = "UI", "UI", "{C4B0BDA3-F5AE-40F9-8D10-061014F79E45}"
EndProject
Project("{FAE04EC0-301F-11D3-BF4B-00C04F79EFBC}") = "Get.the.Solution.Algorithms", "Common\Get.the.Solution.Algorithms\Get.the.Solution.Algorithms.csproj", "{A6417910-4673-4CE0-A3B6-43E10DB0151E}"
EndProject
Project("{FAE04EC0-301F-11D3-BF4B-00C04F79EFBC}") = "Get.the.Solution.Algorithms.Test", "Common\Get.the.Solution.Algorithms.DataStrucre.Test\Get.the.Solution.Algorithms.Test.csproj", "{639925E2-1FD6-4E3F-A76B-5F37D93F2698}"
EndProject
Project("{FAE04EC0-301F-11D3-BF4B-00C04F79EFBC}") = "Get.the.Solution.Algorithms.Graph", "Common\Get.the.Solution.Algorithms.Graph\Get.the.Solution.Algorithms.Graph.csproj", "{8DD04A87-A880-4B75-A3A5-F59AF77C3DAB}"
EndProject
Project("{FAE04EC0-301F-11D3-BF4B-00C04F79EFBC}") = "Get.the.Solution.Algorithms.Graph.Test", "Common\Get.the.Solution.Algorithms.Graph.Test\Get.the.Solution.Algorithms.Graph.Test.csproj", "{FA37CC20-24DF-41C6-9D44-7FCD32BC088C}"
EndProject
Project("{FAE04EC0-301F-11D3-BF4B-00C04F79EFBC}") = "Get.the.Solution.DataStructure.Test", "Common\Get.the.Solution.DataStructure.Test\Get.the.Solution.DataStructure.Test.csproj", "{A6D3358A-271C-48CB-8BC2-A994B1B82B20}"
EndProject
Project("{FAE04EC0-301F-11D3-BF4B-00C04F79EFBC}") = "Get.the.Solution.DataStructure", "Common\Get.the.Solution.DataStructures\Get.the.Solution.DataStructure.csproj", "{2BD0FAAA-8033-42CD-A00D-58D89CABDFC0}"
EndProject
Project("{FAE04EC0-301F-11D3-BF4B-00C04F79EFBC}") = "Get.the.Solution.Mathematics", "Common\Get.the.Solution.Mathematics\Get.the.Solution.Mathematics.csproj", "{5C7B77E1-5DA8-421F-B54B-DC7F809BAD1B}"
EndProject
Project("{2150E333-8FDC-42A3-9474-1A3956D46DE8}") = ".nuget", ".nuget", "{02681F40-ED31-4761-815D-88A61D3210D4}"
	ProjectSection(SolutionItems) = preProject
		.nuget\packages.config = .nuget\packages.config
	EndProjectSection
EndProject
Project("{2150E333-8FDC-42A3-9474-1A3956D46DE8}") = "Solution Items", "Solution Items", "{B1EF7969-1EFB-441F-8EF3-C5A3BDDCC8E7}"
	ProjectSection(SolutionItems) = preProject
		LICENSE = LICENSE
		Readme.md = Readme.md
	EndProjectSection
EndProject
Project("{FAE04EC0-301F-11D3-BF4B-00C04F79EFBC}") = "Get.the.Solution.UI.Shell", "UI\Get.the.Solution.UI.Shell\Get.the.Solution.UI.Shell.csproj", "{C6B19423-A4DE-4B36-93BE-83833EBC60EE}"
EndProject
Project("{FAE04EC0-301F-11D3-BF4B-00C04F79EFBC}") = "Get.the.Solution.UI.Common", "UI\Get.the.Solution.UI.Common\Get.the.Solution.UI.Common.csproj", "{27AD7881-53F3-4336-9B62-94D450D1BCB6}"
EndProject
Project("{FAE04EC0-301F-11D3-BF4B-00C04F79EFBC}") = "Get.the.Solution.UI.Visualization", "UI\Get.the.Solution.UI.Visualization\Get.the.Solution.UI.Visualization.csproj", "{E7E63E0E-8460-4B7B-A0E5-7F51CDC9B674}"
EndProject
Global
	GlobalSection(SubversionScc) = preSolution
		Svn-Managed = True
		Manager = AnkhSVN - Subversion Support for Visual Studio
	EndGlobalSection
	GlobalSection(SolutionConfigurationPlatforms) = preSolution
		Debug|Any CPU = Debug|Any CPU
		Debug|ARM = Debug|ARM
		Debug|Mixed Platforms = Debug|Mixed Platforms
		Debug|x64 = Debug|x64
		Debug|x86 = Debug|x86
		Release|Any CPU = Release|Any CPU
		Release|ARM = Release|ARM
		Release|Mixed Platforms = Release|Mixed Platforms
		Release|x64 = Release|x64
		Release|x86 = Release|x86
	EndGlobalSection
	GlobalSection(ProjectConfigurationPlatforms) = postSolution
		{A6417910-4673-4CE0-A3B6-43E10DB0151E}.Debug|Any CPU.ActiveCfg = Debug|Any CPU
		{A6417910-4673-4CE0-A3B6-43E10DB0151E}.Debug|Any CPU.Build.0 = Debug|Any CPU
		{A6417910-4673-4CE0-A3B6-43E10DB0151E}.Debug|ARM.ActiveCfg = Debug|Any CPU
		{A6417910-4673-4CE0-A3B6-43E10DB0151E}.Debug|ARM.Build.0 = Debug|Any CPU
		{A6417910-4673-4CE0-A3B6-43E10DB0151E}.Debug|Mixed Platforms.ActiveCfg = Debug|Any CPU
		{A6417910-4673-4CE0-A3B6-43E10DB0151E}.Debug|Mixed Platforms.Build.0 = Debug|Any CPU
		{A6417910-4673-4CE0-A3B6-43E10DB0151E}.Debug|x64.ActiveCfg = Debug|Any CPU
		{A6417910-4673-4CE0-A3B6-43E10DB0151E}.Debug|x64.Build.0 = Debug|Any CPU
		{A6417910-4673-4CE0-A3B6-43E10DB0151E}.Debug|x86.ActiveCfg = Debug|Any CPU
		{A6417910-4673-4CE0-A3B6-43E10DB0151E}.Release|Any CPU.ActiveCfg = Release|Any CPU
		{A6417910-4673-4CE0-A3B6-43E10DB0151E}.Release|Any CPU.Build.0 = Release|Any CPU
		{A6417910-4673-4CE0-A3B6-43E10DB0151E}.Release|ARM.ActiveCfg = Release|Any CPU
		{A6417910-4673-4CE0-A3B6-43E10DB0151E}.Release|ARM.Build.0 = Release|Any CPU
		{A6417910-4673-4CE0-A3B6-43E10DB0151E}.Release|Mixed Platforms.ActiveCfg = Release|Any CPU
		{A6417910-4673-4CE0-A3B6-43E10DB0151E}.Release|Mixed Platforms.Build.0 = Release|Any CPU
		{A6417910-4673-4CE0-A3B6-43E10DB0151E}.Release|x64.ActiveCfg = Release|Any CPU
		{A6417910-4673-4CE0-A3B6-43E10DB0151E}.Release|x64.Build.0 = Release|Any CPU
		{A6417910-4673-4CE0-A3B6-43E10DB0151E}.Release|x86.ActiveCfg = Release|Any CPU
		{639925E2-1FD6-4E3F-A76B-5F37D93F2698}.Debug|Any CPU.ActiveCfg = Debug|Any CPU
		{639925E2-1FD6-4E3F-A76B-5F37D93F2698}.Debug|Any CPU.Build.0 = Debug|Any CPU
		{639925E2-1FD6-4E3F-A76B-5F37D93F2698}.Debug|ARM.ActiveCfg = Debug|Any CPU
		{639925E2-1FD6-4E3F-A76B-5F37D93F2698}.Debug|ARM.Build.0 = Debug|Any CPU
		{639925E2-1FD6-4E3F-A76B-5F37D93F2698}.Debug|Mixed Platforms.ActiveCfg = Debug|Any CPU
		{639925E2-1FD6-4E3F-A76B-5F37D93F2698}.Debug|Mixed Platforms.Build.0 = Debug|Any CPU
		{639925E2-1FD6-4E3F-A76B-5F37D93F2698}.Debug|x64.ActiveCfg = Debug|Any CPU
		{639925E2-1FD6-4E3F-A76B-5F37D93F2698}.Debug|x64.Build.0 = Debug|Any CPU
		{639925E2-1FD6-4E3F-A76B-5F37D93F2698}.Debug|x86.ActiveCfg = Debug|Any CPU
		{639925E2-1FD6-4E3F-A76B-5F37D93F2698}.Release|Any CPU.ActiveCfg = Release|Any CPU
		{639925E2-1FD6-4E3F-A76B-5F37D93F2698}.Release|Any CPU.Build.0 = Release|Any CPU
		{639925E2-1FD6-4E3F-A76B-5F37D93F2698}.Release|ARM.ActiveCfg = Release|Any CPU
		{639925E2-1FD6-4E3F-A76B-5F37D93F2698}.Release|ARM.Build.0 = Release|Any CPU
		{639925E2-1FD6-4E3F-A76B-5F37D93F2698}.Release|Mixed Platforms.ActiveCfg = Release|Any CPU
		{639925E2-1FD6-4E3F-A76B-5F37D93F2698}.Release|Mixed Platforms.Build.0 = Release|Any CPU
		{639925E2-1FD6-4E3F-A76B-5F37D93F2698}.Release|x64.ActiveCfg = Release|Any CPU
		{639925E2-1FD6-4E3F-A76B-5F37D93F2698}.Release|x64.Build.0 = Release|Any CPU
		{639925E2-1FD6-4E3F-A76B-5F37D93F2698}.Release|x86.ActiveCfg = Release|Any CPU
		{8DD04A87-A880-4B75-A3A5-F59AF77C3DAB}.Debug|Any CPU.ActiveCfg = Debug|Any CPU
		{8DD04A87-A880-4B75-A3A5-F59AF77C3DAB}.Debug|Any CPU.Build.0 = Debug|Any CPU
		{8DD04A87-A880-4B75-A3A5-F59AF77C3DAB}.Debug|ARM.ActiveCfg = Debug|Any CPU
		{8DD04A87-A880-4B75-A3A5-F59AF77C3DAB}.Debug|ARM.Build.0 = Debug|Any CPU
		{8DD04A87-A880-4B75-A3A5-F59AF77C3DAB}.Debug|Mixed Platforms.ActiveCfg = Debug|Any CPU
		{8DD04A87-A880-4B75-A3A5-F59AF77C3DAB}.Debug|Mixed Platforms.Build.0 = Debug|Any CPU
		{8DD04A87-A880-4B75-A3A5-F59AF77C3DAB}.Debug|x64.ActiveCfg = Debug|Any CPU
		{8DD04A87-A880-4B75-A3A5-F59AF77C3DAB}.Debug|x64.Build.0 = Debug|Any CPU
		{8DD04A87-A880-4B75-A3A5-F59AF77C3DAB}.Debug|x86.ActiveCfg = Debug|Any CPU
		{8DD04A87-A880-4B75-A3A5-F59AF77C3DAB}.Release|Any CPU.ActiveCfg = Release|Any CPU
		{8DD04A87-A880-4B75-A3A5-F59AF77C3DAB}.Release|Any CPU.Build.0 = Release|Any CPU
		{8DD04A87-A880-4B75-A3A5-F59AF77C3DAB}.Release|ARM.ActiveCfg = Release|Any CPU
		{8DD04A87-A880-4B75-A3A5-F59AF77C3DAB}.Release|ARM.Build.0 = Release|Any CPU
		{8DD04A87-A880-4B75-A3A5-F59AF77C3DAB}.Release|Mixed Platforms.ActiveCfg = Release|Any CPU
		{8DD04A87-A880-4B75-A3A5-F59AF77C3DAB}.Release|Mixed Platforms.Build.0 = Release|Any CPU
		{8DD04A87-A880-4B75-A3A5-F59AF77C3DAB}.Release|x64.ActiveCfg = Release|Any CPU
		{8DD04A87-A880-4B75-A3A5-F59AF77C3DAB}.Release|x64.Build.0 = Release|Any CPU
		{8DD04A87-A880-4B75-A3A5-F59AF77C3DAB}.Release|x86.ActiveCfg = Release|Any CPU
		{FA37CC20-24DF-41C6-9D44-7FCD32BC088C}.Debug|Any CPU.ActiveCfg = Debug|Any CPU
		{FA37CC20-24DF-41C6-9D44-7FCD32BC088C}.Debug|Any CPU.Build.0 = Debug|Any CPU
		{FA37CC20-24DF-41C6-9D44-7FCD32BC088C}.Debug|ARM.ActiveCfg = Debug|Any CPU
		{FA37CC20-24DF-41C6-9D44-7FCD32BC088C}.Debug|ARM.Build.0 = Debug|Any CPU
		{FA37CC20-24DF-41C6-9D44-7FCD32BC088C}.Debug|Mixed Platforms.ActiveCfg = Debug|Any CPU
		{FA37CC20-24DF-41C6-9D44-7FCD32BC088C}.Debug|Mixed Platforms.Build.0 = Debug|Any CPU
		{FA37CC20-24DF-41C6-9D44-7FCD32BC088C}.Debug|x64.ActiveCfg = Debug|Any CPU
		{FA37CC20-24DF-41C6-9D44-7FCD32BC088C}.Debug|x64.Build.0 = Debug|Any CPU
		{FA37CC20-24DF-41C6-9D44-7FCD32BC088C}.Debug|x86.ActiveCfg = Debug|Any CPU
		{FA37CC20-24DF-41C6-9D44-7FCD32BC088C}.Release|Any CPU.ActiveCfg = Release|Any CPU
		{FA37CC20-24DF-41C6-9D44-7FCD32BC088C}.Release|Any CPU.Build.0 = Release|Any CPU
		{FA37CC20-24DF-41C6-9D44-7FCD32BC088C}.Release|ARM.ActiveCfg = Release|Any CPU
		{FA37CC20-24DF-41C6-9D44-7FCD32BC088C}.Release|ARM.Build.0 = Release|Any CPU
		{FA37CC20-24DF-41C6-9D44-7FCD32BC088C}.Release|Mixed Platforms.ActiveCfg = Release|Any CPU
		{FA37CC20-24DF-41C6-9D44-7FCD32BC088C}.Release|Mixed Platforms.Build.0 = Release|Any CPU
		{FA37CC20-24DF-41C6-9D44-7FCD32BC088C}.Release|x64.ActiveCfg = Release|Any CPU
		{FA37CC20-24DF-41C6-9D44-7FCD32BC088C}.Release|x64.Build.0 = Release|Any CPU
		{FA37CC20-24DF-41C6-9D44-7FCD32BC088C}.Release|x86.ActiveCfg = Release|Any CPU
		{A6D3358A-271C-48CB-8BC2-A994B1B82B20}.Debug|Any CPU.ActiveCfg = Debug|Any CPU
		{A6D3358A-271C-48CB-8BC2-A994B1B82B20}.Debug|Any CPU.Build.0 = Debug|Any CPU
		{A6D3358A-271C-48CB-8BC2-A994B1B82B20}.Debug|ARM.ActiveCfg = Debug|Any CPU
		{A6D3358A-271C-48CB-8BC2-A994B1B82B20}.Debug|ARM.Build.0 = Debug|Any CPU
		{A6D3358A-271C-48CB-8BC2-A994B1B82B20}.Debug|Mixed Platforms.ActiveCfg = Debug|Any CPU
		{A6D3358A-271C-48CB-8BC2-A994B1B82B20}.Debug|Mixed Platforms.Build.0 = Debug|Any CPU
		{A6D3358A-271C-48CB-8BC2-A994B1B82B20}.Debug|x64.ActiveCfg = Debug|Any CPU
		{A6D3358A-271C-48CB-8BC2-A994B1B82B20}.Debug|x64.Build.0 = Debug|Any CPU
		{A6D3358A-271C-48CB-8BC2-A994B1B82B20}.Debug|x86.ActiveCfg = Debug|Any CPU
		{A6D3358A-271C-48CB-8BC2-A994B1B82B20}.Release|Any CPU.ActiveCfg = Release|Any CPU
		{A6D3358A-271C-48CB-8BC2-A994B1B82B20}.Release|Any CPU.Build.0 = Release|Any CPU
		{A6D3358A-271C-48CB-8BC2-A994B1B82B20}.Release|ARM.ActiveCfg = Release|Any CPU
		{A6D3358A-271C-48CB-8BC2-A994B1B82B20}.Release|ARM.Build.0 = Release|Any CPU
		{A6D3358A-271C-48CB-8BC2-A994B1B82B20}.Release|Mixed Platforms.ActiveCfg = Release|Any CPU
		{A6D3358A-271C-48CB-8BC2-A994B1B82B20}.Release|Mixed Platforms.Build.0 = Release|Any CPU
		{A6D3358A-271C-48CB-8BC2-A994B1B82B20}.Release|x64.ActiveCfg = Release|Any CPU
		{A6D3358A-271C-48CB-8BC2-A994B1B82B20}.Release|x64.Build.0 = Release|Any CPU
		{A6D3358A-271C-48CB-8BC2-A994B1B82B20}.Release|x86.ActiveCfg = Release|Any CPU
		{2BD0FAAA-8033-42CD-A00D-58D89CABDFC0}.Debug|Any CPU.ActiveCfg = Debug|Any CPU
		{2BD0FAAA-8033-42CD-A00D-58D89CABDFC0}.Debug|Any CPU.Build.0 = Debug|Any CPU
		{2BD0FAAA-8033-42CD-A00D-58D89CABDFC0}.Debug|ARM.ActiveCfg = Debug|Any CPU
		{2BD0FAAA-8033-42CD-A00D-58D89CABDFC0}.Debug|ARM.Build.0 = Debug|Any CPU
		{2BD0FAAA-8033-42CD-A00D-58D89CABDFC0}.Debug|Mixed Platforms.ActiveCfg = Debug|Any CPU
		{2BD0FAAA-8033-42CD-A00D-58D89CABDFC0}.Debug|Mixed Platforms.Build.0 = Debug|Any CPU
		{2BD0FAAA-8033-42CD-A00D-58D89CABDFC0}.Debug|x64.ActiveCfg = Debug|Any CPU
		{2BD0FAAA-8033-42CD-A00D-58D89CABDFC0}.Debug|x64.Build.0 = Debug|Any CPU
		{2BD0FAAA-8033-42CD-A00D-58D89CABDFC0}.Debug|x86.ActiveCfg = Debug|Any CPU
		{2BD0FAAA-8033-42CD-A00D-58D89CABDFC0}.Release|Any CPU.ActiveCfg = Release|Any CPU
		{2BD0FAAA-8033-42CD-A00D-58D89CABDFC0}.Release|Any CPU.Build.0 = Release|Any CPU
		{2BD0FAAA-8033-42CD-A00D-58D89CABDFC0}.Release|ARM.ActiveCfg = Release|Any CPU
		{2BD0FAAA-8033-42CD-A00D-58D89CABDFC0}.Release|ARM.Build.0 = Release|Any CPU
		{2BD0FAAA-8033-42CD-A00D-58D89CABDFC0}.Release|Mixed Platforms.ActiveCfg = Release|Any CPU
		{2BD0FAAA-8033-42CD-A00D-58D89CABDFC0}.Release|Mixed Platforms.Build.0 = Release|Any CPU
		{2BD0FAAA-8033-42CD-A00D-58D89CABDFC0}.Release|x64.ActiveCfg = Release|Any CPU
		{2BD0FAAA-8033-42CD-A00D-58D89CABDFC0}.Release|x64.Build.0 = Release|Any CPU
		{2BD0FAAA-8033-42CD-A00D-58D89CABDFC0}.Release|x86.ActiveCfg = Release|Any CPU
		{5C7B77E1-5DA8-421F-B54B-DC7F809BAD1B}.Debug|Any CPU.ActiveCfg = Debug|Any CPU
		{5C7B77E1-5DA8-421F-B54B-DC7F809BAD1B}.Debug|Any CPU.Build.0 = Debug|Any CPU
		{5C7B77E1-5DA8-421F-B54B-DC7F809BAD1B}.Debug|ARM.ActiveCfg = Debug|Any CPU
		{5C7B77E1-5DA8-421F-B54B-DC7F809BAD1B}.Debug|ARM.Build.0 = Debug|Any CPU
		{5C7B77E1-5DA8-421F-B54B-DC7F809BAD1B}.Debug|Mixed Platforms.ActiveCfg = Debug|Any CPU
		{5C7B77E1-5DA8-421F-B54B-DC7F809BAD1B}.Debug|Mixed Platforms.Build.0 = Debug|Any CPU
		{5C7B77E1-5DA8-421F-B54B-DC7F809BAD1B}.Debug|x64.ActiveCfg = Debug|Any CPU
		{5C7B77E1-5DA8-421F-B54B-DC7F809BAD1B}.Debug|x64.Build.0 = Debug|Any CPU
		{5C7B77E1-5DA8-421F-B54B-DC7F809BAD1B}.Debug|x86.ActiveCfg = Debug|Any CPU
		{5C7B77E1-5DA8-421F-B54B-DC7F809BAD1B}.Release|Any CPU.ActiveCfg = Release|Any CPU
		{5C7B77E1-5DA8-421F-B54B-DC7F809BAD1B}.Release|Any CPU.Build.0 = Release|Any CPU
		{5C7B77E1-5DA8-421F-B54B-DC7F809BAD1B}.Release|ARM.ActiveCfg = Release|Any CPU
		{5C7B77E1-5DA8-421F-B54B-DC7F809BAD1B}.Release|ARM.Build.0 = Release|Any CPU
		{5C7B77E1-5DA8-421F-B54B-DC7F809BAD1B}.Release|Mixed Platforms.ActiveCfg = Release|Any CPU
		{5C7B77E1-5DA8-421F-B54B-DC7F809BAD1B}.Release|Mixed Platforms.Build.0 = Release|Any CPU
		{5C7B77E1-5DA8-421F-B54B-DC7F809BAD1B}.Release|x64.ActiveCfg = Release|Any CPU
		{5C7B77E1-5DA8-421F-B54B-DC7F809BAD1B}.Release|x64.Build.0 = Release|Any CPU
		{5C7B77E1-5DA8-421F-B54B-DC7F809BAD1B}.Release|x86.ActiveCfg = Release|Any CPU
		{C6B19423-A4DE-4B36-93BE-83833EBC60EE}.Debug|Any CPU.ActiveCfg = Debug|x86
		{C6B19423-A4DE-4B36-93BE-83833EBC60EE}.Debug|ARM.ActiveCfg = Debug|ARM
		{C6B19423-A4DE-4B36-93BE-83833EBC60EE}.Debug|ARM.Build.0 = Debug|ARM
		{C6B19423-A4DE-4B36-93BE-83833EBC60EE}.Debug|ARM.Deploy.0 = Debug|ARM
		{C6B19423-A4DE-4B36-93BE-83833EBC60EE}.Debug|Mixed Platforms.ActiveCfg = Debug|x86
		{C6B19423-A4DE-4B36-93BE-83833EBC60EE}.Debug|Mixed Platforms.Build.0 = Debug|x86
		{C6B19423-A4DE-4B36-93BE-83833EBC60EE}.Debug|Mixed Platforms.Deploy.0 = Debug|x86
		{C6B19423-A4DE-4B36-93BE-83833EBC60EE}.Debug|x64.ActiveCfg = Debug|x64
		{C6B19423-A4DE-4B36-93BE-83833EBC60EE}.Debug|x64.Build.0 = Debug|x64
		{C6B19423-A4DE-4B36-93BE-83833EBC60EE}.Debug|x64.Deploy.0 = Debug|x64
		{C6B19423-A4DE-4B36-93BE-83833EBC60EE}.Debug|x86.ActiveCfg = Debug|x86
		{C6B19423-A4DE-4B36-93BE-83833EBC60EE}.Debug|x86.Build.0 = Debug|x86
		{C6B19423-A4DE-4B36-93BE-83833EBC60EE}.Debug|x86.Deploy.0 = Debug|x86
		{C6B19423-A4DE-4B36-93BE-83833EBC60EE}.Release|Any CPU.ActiveCfg = Release|x86
		{C6B19423-A4DE-4B36-93BE-83833EBC60EE}.Release|ARM.ActiveCfg = Release|ARM
		{C6B19423-A4DE-4B36-93BE-83833EBC60EE}.Release|ARM.Build.0 = Release|ARM
		{C6B19423-A4DE-4B36-93BE-83833EBC60EE}.Release|ARM.Deploy.0 = Release|ARM
		{C6B19423-A4DE-4B36-93BE-83833EBC60EE}.Release|Mixed Platforms.ActiveCfg = Release|x86
		{C6B19423-A4DE-4B36-93BE-83833EBC60EE}.Release|Mixed Platforms.Build.0 = Release|x86
		{C6B19423-A4DE-4B36-93BE-83833EBC60EE}.Release|Mixed Platforms.Deploy.0 = Release|x86
		{C6B19423-A4DE-4B36-93BE-83833EBC60EE}.Release|x64.ActiveCfg = Release|x64
		{C6B19423-A4DE-4B36-93BE-83833EBC60EE}.Release|x64.Build.0 = Release|x64
		{C6B19423-A4DE-4B36-93BE-83833EBC60EE}.Release|x64.Deploy.0 = Release|x64
		{C6B19423-A4DE-4B36-93BE-83833EBC60EE}.Release|x86.ActiveCfg = Release|x86
		{C6B19423-A4DE-4B36-93BE-83833EBC60EE}.Release|x86.Build.0 = Release|x86
		{C6B19423-A4DE-4B36-93BE-83833EBC60EE}.Release|x86.Deploy.0 = Release|x86
		{27AD7881-53F3-4336-9B62-94D450D1BCB6}.Debug|Any CPU.ActiveCfg = Debug|Any CPU
		{27AD7881-53F3-4336-9B62-94D450D1BCB6}.Debug|Any CPU.Build.0 = Debug|Any CPU
		{27AD7881-53F3-4336-9B62-94D450D1BCB6}.Debug|ARM.ActiveCfg = Debug|ARM
		{27AD7881-53F3-4336-9B62-94D450D1BCB6}.Debug|ARM.Build.0 = Debug|ARM
		{27AD7881-53F3-4336-9B62-94D450D1BCB6}.Debug|Mixed Platforms.ActiveCfg = Debug|x86
		{27AD7881-53F3-4336-9B62-94D450D1BCB6}.Debug|Mixed Platforms.Build.0 = Debug|x86
		{27AD7881-53F3-4336-9B62-94D450D1BCB6}.Debug|x64.ActiveCfg = Debug|x64
		{27AD7881-53F3-4336-9B62-94D450D1BCB6}.Debug|x64.Build.0 = Debug|x64
		{27AD7881-53F3-4336-9B62-94D450D1BCB6}.Debug|x86.ActiveCfg = Debug|x86
		{27AD7881-53F3-4336-9B62-94D450D1BCB6}.Debug|x86.Build.0 = Debug|x86
		{27AD7881-53F3-4336-9B62-94D450D1BCB6}.Release|Any CPU.ActiveCfg = Release|Any CPU
		{27AD7881-53F3-4336-9B62-94D450D1BCB6}.Release|Any CPU.Build.0 = Release|Any CPU
		{27AD7881-53F3-4336-9B62-94D450D1BCB6}.Release|ARM.ActiveCfg = Release|ARM
		{27AD7881-53F3-4336-9B62-94D450D1BCB6}.Release|ARM.Build.0 = Release|ARM
		{27AD7881-53F3-4336-9B62-94D450D1BCB6}.Release|Mixed Platforms.ActiveCfg = Release|x86
		{27AD7881-53F3-4336-9B62-94D450D1BCB6}.Release|Mixed Platforms.Build.0 = Release|x86
		{27AD7881-53F3-4336-9B62-94D450D1BCB6}.Release|x64.ActiveCfg = Release|x64
		{27AD7881-53F3-4336-9B62-94D450D1BCB6}.Release|x64.Build.0 = Release|x64
		{27AD7881-53F3-4336-9B62-94D450D1BCB6}.Release|x86.ActiveCfg = Release|x86
		{27AD7881-53F3-4336-9B62-94D450D1BCB6}.Release|x86.Build.0 = Release|x86
		{E7E63E0E-8460-4B7B-A0E5-7F51CDC9B674}.Debug|Any CPU.ActiveCfg = Debug|Any CPU
		{E7E63E0E-8460-4B7B-A0E5-7F51CDC9B674}.Debug|Any CPU.Build.0 = Debug|Any CPU
		{E7E63E0E-8460-4B7B-A0E5-7F51CDC9B674}.Debug|ARM.ActiveCfg = Debug|ARM
		{E7E63E0E-8460-4B7B-A0E5-7F51CDC9B674}.Debug|ARM.Build.0 = Debug|ARM
		{E7E63E0E-8460-4B7B-A0E5-7F51CDC9B674}.Debug|Mixed Platforms.ActiveCfg = Debug|x86
		{E7E63E0E-8460-4B7B-A0E5-7F51CDC9B674}.Debug|Mixed Platforms.Build.0 = Debug|x86
		{E7E63E0E-8460-4B7B-A0E5-7F51CDC9B674}.Debug|x64.ActiveCfg = Debug|x64
		{E7E63E0E-8460-4B7B-A0E5-7F51CDC9B674}.Debug|x64.Build.0 = Debug|x64
		{E7E63E0E-8460-4B7B-A0E5-7F51CDC9B674}.Debug|x86.ActiveCfg = Debug|x86
		{E7E63E0E-8460-4B7B-A0E5-7F51CDC9B674}.Debug|x86.Build.0 = Debug|x86
		{E7E63E0E-8460-4B7B-A0E5-7F51CDC9B674}.Release|Any CPU.ActiveCfg = Release|Any CPU
		{E7E63E0E-8460-4B7B-A0E5-7F51CDC9B674}.Release|Any CPU.Build.0 = Release|Any CPU
		{E7E63E0E-8460-4B7B-A0E5-7F51CDC9B674}.Release|ARM.ActiveCfg = Release|ARM
		{E7E63E0E-8460-4B7B-A0E5-7F51CDC9B674}.Release|ARM.Build.0 = Release|ARM
		{E7E63E0E-8460-4B7B-A0E5-7F51CDC9B674}.Release|Mixed Platforms.ActiveCfg = Release|x86
		{E7E63E0E-8460-4B7B-A0E5-7F51CDC9B674}.Release|Mixed Platforms.Build.0 = Release|x86
		{E7E63E0E-8460-4B7B-A0E5-7F51CDC9B674}.Release|x64.ActiveCfg = Release|x64
		{E7E63E0E-8460-4B7B-A0E5-7F51CDC9B674}.Release|x64.Build.0 = Release|x64
		{E7E63E0E-8460-4B7B-A0E5-7F51CDC9B674}.Release|x86.ActiveCfg = Release|x86
		{E7E63E0E-8460-4B7B-A0E5-7F51CDC9B674}.Release|x86.Build.0 = Release|x86
	EndGlobalSection
	GlobalSection(SolutionProperties) = preSolution
		HideSolutionNode = FALSE
	EndGlobalSection
	GlobalSection(NestedProjects) = preSolution
		{A6417910-4673-4CE0-A3B6-43E10DB0151E} = {EE7EBEEC-B602-4450-A890-B49BB4F993CD}
		{639925E2-1FD6-4E3F-A76B-5F37D93F2698} = {EE7EBEEC-B602-4450-A890-B49BB4F993CD}
		{8DD04A87-A880-4B75-A3A5-F59AF77C3DAB} = {EE7EBEEC-B602-4450-A890-B49BB4F993CD}
		{FA37CC20-24DF-41C6-9D44-7FCD32BC088C} = {EE7EBEEC-B602-4450-A890-B49BB4F993CD}
		{A6D3358A-271C-48CB-8BC2-A994B1B82B20} = {EE7EBEEC-B602-4450-A890-B49BB4F993CD}
		{2BD0FAAA-8033-42CD-A00D-58D89CABDFC0} = {EE7EBEEC-B602-4450-A890-B49BB4F993CD}
		{5C7B77E1-5DA8-421F-B54B-DC7F809BAD1B} = {EE7EBEEC-B602-4450-A890-B49BB4F993CD}
		{C6B19423-A4DE-4B36-93BE-83833EBC60EE} = {C4B0BDA3-F5AE-40F9-8D10-061014F79E45}
		{27AD7881-53F3-4336-9B62-94D450D1BCB6} = {C4B0BDA3-F5AE-40F9-8D10-061014F79E45}
		{E7E63E0E-8460-4B7B-A0E5-7F51CDC9B674} = {C4B0BDA3-F5AE-40F9-8D10-061014F79E45}
	EndGlobalSection
	GlobalSection(TestCaseManagementSettings) = postSolution
		CategoryFile = GTS.vsmdi
	EndGlobalSection
EndGlobal
